
Microsoft Visual Studio Solution File, Format Version 12.00
# Visual Studio 15
VisualStudioVersion = 15.0.28307.902
MinimumVisualStudioVersion = 10.0.40219.1
Project("{FAE04EC0-301F-11D3-BF4B-00C04F79EFBC}") = "UnityAOPDemo", "UnityAOPDemo\UnityAOPDemo.csproj", "{87AEB281-457D-4F84-B5C9-39E02CA77C1C}"
EndProject
Global
	GlobalSection(SolutionConfigurationPlatforms) = preSolution
		Debug|Any CPU = Debug|Any CPU
		Release|Any CPU = Release|Any CPU
	EndGlobalSection
	GlobalSection(ProjectConfigurationPlatforms) = postSolution
		{87AEB281-457D-4F84-B5C9-39E02CA77C1C}.Debug|Any CPU.ActiveCfg = Debug|Any CPU
		{87AEB281-457D-4F84-B5C9-39E02CA77C1C}.Debug|Any CPU.Build.0 = Debug|Any CPU
		{87AEB281-457D-4F84-B5C9-39E02CA77C1C}.Release|Any CPU.ActiveCfg = Release|Any CPU
		{87AEB281-457D-4F84-B5C9-39E02CA77C1C}.Release|Any CPU.Build.0 = Release|Any CPU
	EndGlobalSection
	GlobalSection(SolutionProperties) = preSolution
		HideSolutionNode = FALSE
	EndGlobalSection
	GlobalSection(ExtensibilityGlobals) = postSolution
		SolutionGuid = {B4D60BC2-3049-4EE7-8567-44E8B8342B6F}
	EndGlobalSection
EndGlobal
